Microsoft Visual Studio Solution File, Format Version 9.00
# Visual Studio 2005
Project("{F184B08F-C81C-45F6-A57F-5ABD9991F28F}") = "WinWebSolution.Module", "WinWebSolution.Module\WinWebSolution.Module.vbproj", "{AAD1A43E-8C09-466F-9DC1-4BC2ECF8741A}"
	ProjectSection(WebsiteProperties) = preProject
		Debug.AspNetCompiler.Debug = "True"
		Release.AspNetCompiler.Debug = "False"
	EndProjectSection
EndProject
Project("{F184B08F-C81C-45F6-A57F-5ABD9991F28F}") = "WinWebSolution.Web", "WinWebSolution.Web\WinWebSolution.Web.vbproj", "{4DFBD8E3-AEA4-44BE-84F8-8EA1797E25D8}"
	ProjectSection(WebsiteProperties) = preProject
		Debug.AspNetCompiler.Debug = "True"
		Release.AspNetCompiler.Debug = "False"
	EndProjectSection
EndProject
Project("{F184B08F-C81C-45F6-A57F-5ABD9991F28F}") = "WinWebSolution.Win", "WinWebSolution.Win\WinWebSolution.Win.vbproj", "{3B9545E4-8839-4242-9E3A-886475FDDBDF}"
	ProjectSection(WebsiteProperties) = preProject
		Debug.AspNetCompiler.Debug = "True"
		Release.AspNetCompiler.Debug = "False"
	EndProjectSection
EndProject
Global
	GlobalSection(SolutionConfigurationPlatforms) = preSolution
		Debug|Any CPU = Debug|Any CPU
		EasyTest|Any CPU = EasyTest|Any CPU
		Release|Any CPU = Release|Any CPU
	EndGlobalSection
	GlobalSection(ProjectConfigurationPlatforms) = postSolution
		{AAD1A43E-8C09-466F-9DC1-4BC2ECF8741A}.Debug|Any CPU.ActiveCfg = Debug|Any CPU
		{AAD1A43E-8C09-466F-9DC1-4BC2ECF8741A}.Debug|Any CPU.Build.0 = Debug|Any CPU
		{AAD1A43E-8C09-466F-9DC1-4BC2ECF8741A}.EasyTest|Any CPU.ActiveCfg = EasyTest|Any CPU
		{AAD1A43E-8C09-466F-9DC1-4BC2ECF8741A}.EasyTest|Any CPU.Build.0 = EasyTest|Any CPU
		{AAD1A43E-8C09-466F-9DC1-4BC2ECF8741A}.Release|Any CPU.ActiveCfg = Release|Any CPU
		{AAD1A43E-8C09-466F-9DC1-4BC2ECF8741A}.Release|Any CPU.Build.0 = Release|Any CPU
		{4DFBD8E3-AEA4-44BE-84F8-8EA1797E25D8}.Debug|Any CPU.ActiveCfg = Debug|Any CPU
		{4DFBD8E3-AEA4-44BE-84F8-8EA1797E25D8}.Debug|Any CPU.Build.0 = Debug|Any CPU
		{4DFBD8E3-AEA4-44BE-84F8-8EA1797E25D8}.EasyTest|Any CPU.ActiveCfg = EasyTest|Any CPU
		{4DFBD8E3-AEA4-44BE-84F8-8EA1797E25D8}.EasyTest|Any CPU.Build.0 = EasyTest|Any CPU
		{4DFBD8E3-AEA4-44BE-84F8-8EA1797E25D8}.Release|Any CPU.ActiveCfg = Release|Any CPU
		{4DFBD8E3-AEA4-44BE-84F8-8EA1797E25D8}.Release|Any CPU.Build.0 = Release|Any CPU
		{3B9545E4-8839-4242-9E3A-886475FDDBDF}.Debug|Any CPU.ActiveCfg = Debug|Any CPU
		{3B9545E4-8839-4242-9E3A-886475FDDBDF}.Debug|Any CPU.Build.0 = Debug|Any CPU
		{3B9545E4-8839-4242-9E3A-886475FDDBDF}.EasyTest|Any CPU.ActiveCfg = EasyTest|Any CPU
		{3B9545E4-8839-4242-9E3A-886475FDDBDF}.EasyTest|Any CPU.Build.0 = EasyTest|Any CPU
		{3B9545E4-8839-4242-9E3A-886475FDDBDF}.Release|Any CPU.ActiveCfg = Release|Any CPU
		{3B9545E4-8839-4242-9E3A-886475FDDBDF}.Release|Any CPU.Build.0 = Release|Any CPU
	EndGlobalSection
	GlobalSection(SolutionProperties) = preSolution
		HideSolutionNode = FALSE
	EndGlobalSection
EndGlobal
